// !$*UTF8*$!
{
	archiveVersion = 1;
	classes = {
	};
	objectVersion = 55;
	objects = {

/* Begin PBXBuildFile section */
		0C7B9666285B0B8200E9629B /* AppDelegate.swift in Sources */ = {isa = PBXBuildFile; fileRef = 0C7B9665285B0B8200E9629B /* AppDelegate.swift */; };
		0C7B9668285B0B8200E9629B /* SceneDelegate.swift in Sources */ = {isa = PBXBuildFile; fileRef = 0C7B9667285B0B8200E9629B /* SceneDelegate.swift */; };
		0C7B966A285B0B8200E9629B /* ViewController.swift in Sources */ = {isa = PBXBuildFile; fileRef = 0C7B9669285B0B8200E9629B /* ViewController.swift */; };
		0C7B966D285B0B8200E9629B /* Main.storyboard in Resources */ = {isa = PBXBuildFile; fileRef = 0C7B966B285B0B8200E9629B /* Main.storyboard */; };
		0C7B966F285B0B8300E9629B /* Assets.xcassets in Resources */ = {isa = PBXBuildFile; fileRef = 0C7B966E285B0B8300E9629B /* Assets.xcassets */; };
		0C7B9672285B0B8300E9629B /* LaunchScreen.storyboard in Resources */ = {isa = PBXBuildFile; fileRef = 0C7B9670285B0B8300E9629B /* LaunchScreen.storyboard */; };
		0C7B967D285B0B8300E9629B /* CICdDemoTests.swift in Sources */ = {isa = PBXBuildFile; fileRef = 0C7B967C285B0B8300E9629B /* CICdDemoTests.swift */; };
		0C7B9687285B0B8300E9629B /* CICdDemoUITests.swift in Sources */ = {isa = PBXBuildFile; fileRef = 0C7B9686285B0B8300E9629B /* CICdDemoUITests.swift */; };
		0C7B9689285B0B8300E9629B /* CICdDemoUITestsLaunchTests.swift in Sources */ = {isa = PBXBuildFile; fileRef = 0C7B9688285B0B8300E9629B /* CICdDemoUITestsLaunchTests.swift */; };
		449C0E106AE499644E93FE44 /* Pods_CICdDemoTests.framework in Frameworks */ = {isa = PBXBuildFile; fileRef = 8B5FD1CBC315C079B42A64B8 /* Pods_CICdDemoTests.framework */; };
		B3EA1D3A4A70E44150CC6DA9 /* Pods_CICdDemo_CICdDemoUITests.framework in Frameworks */ = {isa = PBXBuildFile; fileRef = 0ECCF45C90044F7CF9EB62C7 /* Pods_CICdDemo_CICdDemoUITests.framework */; };
		E77A9BD10A3DD774FDBB0B69 /* Pods_CICdDemo.framework in Frameworks */ = {isa = PBXBuildFile; fileRef = 53AA0B324CE342CA99405F23 /* Pods_CICdDemo.framework */; };
/* End PBXBuildFile section */

/* Begin PBXContainerItemProxy section */
		0C7B9679285B0B8300E9629B /* PBXContainerItemProxy */ = {
			isa = PBXContainerItemProxy;
			containerPortal = 0C7B965A285B0B8200E9629B /* Project object */;
			proxyType = 1;
			remoteGlobalIDString = 0C7B9661285B0B8200E9629B;
			remoteInfo = CICdDemo;
		};
		0C7B9683285B0B8300E9629B /* PBXContainerItemProxy */ = {
			isa = PBXContainerItemProxy;
			containerPortal = 0C7B965A285B0B8200E9629B /* Project object */;
			proxyType = 1;
			remoteGlobalIDString = 0C7B9661285B0B8200E9629B;
			remoteInfo = CICdDemo;
		};
/* End PBXContainerItemProxy section */

/* Begin PBXFileReference section */
		0C7B9662285B0B8200E9629B /* CICdDemo.app */ = {isa = PBXFileReference; explicitFileType = wrapper.application; includeInIndex = 0; path = CICdDemo.app; sourceTree = BUILT_PRODUCTS_DIR; };
		0C7B9665285B0B8200E9629B /* AppDelegate.swift */ = {isa = PBXFileReference; lastKnownFileType = sourcecode.swift; path = AppDelegate.swift; sourceTree = "<group>"; };
		0C7B9667285B0B8200E9629B /* SceneDelegate.swift */ = {isa = PBXFileReference; lastKnownFileType = sourcecode.swift; path = SceneDelegate.swift; sourceTree = "<group>"; };
		0C7B9669285B0B8200E9629B /* ViewController.swift */ = {isa = PBXFileReference; lastKnownFileType = sourcecode.swift; path = ViewController.swift; sourceTree = "<group>"; };
		0C7B966C285B0B8200E9629B /* Base */ = {isa = PBXFileReference; lastKnownFileType = file.storyboard; name = Base; path = Base.lproj/Main.storyboard; sourceTree = "<group>"; };
		0C7B966E285B0B8300E9629B /* Assets.xcassets */ = {isa = PBXFileReference; lastKnownFileType = folder.assetcatalog; path = Assets.xcassets; sourceTree = "<group>"; };
		0C7B9671285B0B8300E9629B /* Base */ = {isa = PBXFileReference; lastKnownFileType = file.storyboard; name = Base; path = Base.lproj/LaunchScreen.storyboard; sourceTree = "<group>"; };
		0C7B9673285B0B8300E9629B /* Info.plist */ = {isa = PBXFileReference; lastKnownFileType = text.plist.xml; path = Info.plist; sourceTree = "<group>"; };
		0C7B9678285B0B8300E9629B /* CICdDemoTests.xctest */ = {isa = PBXFileReference; explicitFileType = wrapper.cfbundle; includeInIndex = 0; path = CICdDemoTests.xctest; sourceTree = BUILT_PRODUCTS_DIR; };
		0C7B967C285B0B8300E9629B /* CICdDemoTests.swift */ = {isa = PBXFileReference; lastKnownFileType = sourcecode.swift; path = CICdDemoTests.swift; sourceTree = "<group>"; };
		0C7B9682285B0B8300E9629B /* CICdDemoUITests.xctest */ = {isa = PBXFileReference; explicitFileType = wrapper.cfbundle; includeInIndex = 0; path = CICdDemoUITests.xctest; sourceTree = BUILT_PRODUCTS_DIR; };
		0C7B9686285B0B8300E9629B /* CICdDemoUITests.swift */ = {isa = PBXFileReference; lastKnownFileType = sourcecode.swift; path = CICdDemoUITests.swift; sourceTree = "<group>"; };
		0C7B9688285B0B8300E9629B /* CICdDemoUITestsLaunchTests.swift */ = {isa = PBXFileReference; lastKnownFileType = sourcecode.swift; path = CICdDemoUITestsLaunchTests.swift; sourceTree = "<group>"; };
		0ECCF45C90044F7CF9EB62C7 /* Pods_CICdDemo_CICdDemoUITests.framework */ = {isa = PBXFileReference; explicitFileType = wrapper.framework; includeInIndex = 0; path = Pods_CICdDemo_CICdDemoUITests.framework; sourceTree = BUILT_PRODUCTS_DIR; };
		1C1D29CD5ACD223DC3C2CD04 /* Pods-CICdDemo.debug.xcconfig */ = {isa = PBXFileReference; includeInIndex = 1; lastKnownFileType = text.xcconfig; name = "Pods-CICdDemo.debug.xcconfig"; path = "Target Support Files/Pods-CICdDemo/Pods-CICdDemo.debug.xcconfig"; sourceTree = "<group>"; };
		2B6449A98A6F43FB7A3F665D /* Pods-CICdDemoTests.debug.xcconfig */ = {isa = PBXFileReference; includeInIndex = 1; lastKnownFileType = text.xcconfig; name = "Pods-CICdDemoTests.debug.xcconfig"; path = "Target Support Files/Pods-CICdDemoTests/Pods-CICdDemoTests.debug.xcconfig"; sourceTree = "<group>"; };
		4BD5D1A70DFBE9E1F7B9C1FB /* Pods-CICdDemo.release.xcconfig */ = {isa = PBXFileReference; includeInIndex = 1; lastKnownFileType = text.xcconfig; name = "Pods-CICdDemo.release.xcconfig"; path = "Target Support Files/Pods-CICdDemo/Pods-CICdDemo.release.xcconfig"; sourceTree = "<group>"; };
		53AA0B324CE342CA99405F23 /* Pods_CICdDemo.framework */ = {isa = PBXFileReference; explicitFileType = wrapper.framework; includeInIndex = 0; path = Pods_CICdDemo.framework; sourceTree = BUILT_PRODUCTS_DIR; };
		5DD1E37488CACBF8F5E8A4C7 /* Pods-CICdDemo-CICdDemoUITests.debug.xcconfig */ = {isa = PBXFileReference; includeInIndex = 1; lastKnownFileType = text.xcconfig; name = "Pods-CICdDemo-CICdDemoUITests.debug.xcconfig"; path = "Target Support Files/Pods-CICdDemo-CICdDemoUITests/Pods-CICdDemo-CICdDemoUITests.debug.xcconfig"; sourceTree = "<group>"; };
		8B5FD1CBC315C079B42A64B8 /* Pods_CICdDemoTests.framework */ = {isa = PBXFileReference; explicitFileType = wrapper.framework; includeInIndex = 0; path = Pods_CICdDemoTests.framework; sourceTree = BUILT_PRODUCTS_DIR; };
		B1BC761CF344603009F865BF /* Pods-CICdDemoTests.release.xcconfig */ = {isa = PBXFileReference; includeInIndex = 1; lastKnownFileType = text.xcconfig; name = "Pods-CICdDemoTests.release.xcconfig"; path = "Target Support Files/Pods-CICdDemoTests/Pods-CICdDemoTests.release.xcconfig"; sourceTree = "<group>"; };
		C62F317E40D679CC5441D3F0 /* Pods-CICdDemo-CICdDemoUITests.release.xcconfig */ = {isa = PBXFileReference; includeInIndex = 1; lastKnownFileType = text.xcconfig; name = "Pods-CICdDemo-CICdDemoUITests.release.xcconfig"; path = "Target Support Files/Pods-CICdDemo-CICdDemoUITests/Pods-CICdDemo-CICdDemoUITests.release.xcconfig"; sourceTree = "<group>"; };
/* End PBXFileReference section */

/* Begin PBXFrameworksBuildPhase section */
		0C7B965F285B0B8200E9629B /* Frameworks */ = {
			isa = PBXFrameworksBuildPhase;
			buildActionMask = 2147483647;
			files = (
				E77A9BD10A3DD774FDBB0B69 /* Pods_CICdDemo.framework in Frameworks */,
			);
			runOnlyForDeploymentPostprocessing = 0;
		};
		0C7B9675285B0B8300E9629B /* Frameworks */ = {
			isa = PBXFrameworksBuildPhase;
			buildActionMask = 2147483647;
			files = (
				449C0E106AE499644E93FE44 /* Pods_CICdDemoTests.framework in Frameworks */,
			);
			runOnlyForDeploymentPostprocessing = 0;
		};
		0C7B967F285B0B8300E9629B /* Frameworks */ = {
			isa = PBXFrameworksBuildPhase;
			buildActionMask = 2147483647;
			files = (
				B3EA1D3A4A70E44150CC6DA9 /* Pods_CICdDemo_CICdDemoUITests.framework in Frameworks */,
			);
			runOnlyForDeploymentPostprocessing = 0;
		};
/* End PBXFrameworksBuildPhase section */

/* Begin PBXGroup section */
		038C74F1927CFA55ACC4ABA4 /* Frameworks */ = {
			isa = PBXGroup;
			children = (
				53AA0B324CE342CA99405F23 /* Pods_CICdDemo.framework */,
				0ECCF45C90044F7CF9EB62C7 /* Pods_CICdDemo_CICdDemoUITests.framework */,
				8B5FD1CBC315C079B42A64B8 /* Pods_CICdDemoTests.framework */,
			);
			name = Frameworks;
			sourceTree = "<group>";
		};
		0C7B9659285B0B8200E9629B = {
			isa = PBXGroup;
			children = (
				0C7B9664285B0B8200E9629B /* CICdDemo */,
				0C7B967B285B0B8300E9629B /* CICdDemoTests */,
				0C7B9685285B0B8300E9629B /* CICdDemoUITests */,
				0C7B9663285B0B8200E9629B /* Products */,
				3975D2D8CA76A64673B5BB44 /* Pods */,
				038C74F1927CFA55ACC4ABA4 /* Frameworks */,
			);
			sourceTree = "<group>";
		};
		0C7B9663285B0B8200E9629B /* Products */ = {
			isa = PBXGroup;
			children = (
				0C7B9662285B0B8200E9629B /* CICdDemo.app */,
				0C7B9678285B0B8300E9629B /* CICdDemoTests.xctest */,
				0C7B9682285B0B8300E9629B /* CICdDemoUITests.xctest */,
			);
			name = Products;
			sourceTree = "<group>";
		};
		0C7B9664285B0B8200E9629B /* CICdDemo */ = {
			isa = PBXGroup;
			children = (
				0C7B9665285B0B8200E9629B /* AppDelegate.swift */,
				0C7B9667285B0B8200E9629B /* SceneDelegate.swift */,
				0C7B9669285B0B8200E9629B /* ViewController.swift */,
				0C7B966B285B0B8200E9629B /* Main.storyboard */,
				0C7B966E285B0B8300E9629B /* Assets.xcassets */,
				0C7B9670285B0B8300E9629B /* LaunchScreen.storyboard */,
				0C7B9673285B0B8300E9629B /* Info.plist */,
			);
			path = CICdDemo;
			sourceTree = "<group>";
		};
		0C7B967B285B0B8300E9629B /* CICdDemoTests */ = {
			isa = PBXGroup;
			children = (
				0C7B967C285B0B8300E9629B /* CICdDemoTests.swift */,
			);
			path = CICdDemoTests;
			sourceTree = "<group>";
		};
		0C7B9685285B0B8300E9629B /* CICdDemoUITests */ = {
			isa = PBXGroup;
			children = (
				0C7B9686285B0B8300E9629B /* CICdDemoUITests.swift */,
				0C7B9688285B0B8300E9629B /* CICdDemoUITestsLaunchTests.swift */,
			);
			path = CICdDemoUITests;
			sourceTree = "<group>";
		};
		3975D2D8CA76A64673B5BB44 /* Pods */ = {
			isa = PBXGroup;
			children = (
				1C1D29CD5ACD223DC3C2CD04 /* Pods-CICdDemo.debug.xcconfig */,
				4BD5D1A70DFBE9E1F7B9C1FB /* Pods-CICdDemo.release.xcconfig */,
				5DD1E37488CACBF8F5E8A4C7 /* Pods-CICdDemo-CICdDemoUITests.debug.xcconfig */,
				C62F317E40D679CC5441D3F0 /* Pods-CICdDemo-CICdDemoUITests.release.xcconfig */,
				2B6449A98A6F43FB7A3F665D /* Pods-CICdDemoTests.debug.xcconfig */,
				B1BC761CF344603009F865BF /* Pods-CICdDemoTests.release.xcconfig */,
			);
			name = Pods;
			path = Pods;
			sourceTree = "<group>";
		};
/* End PBXGroup section */

/* Begin PBXNativeTarget section */
		0C7B9661285B0B8200E9629B /* CICdDemo */ = {
			isa = PBXNativeTarget;
			buildConfigurationList = 0C7B968C285B0B8300E9629B /* Build configuration list for PBXNativeTarget "CICdDemo" */;
			buildPhases = (
				58DAD3CC998108BABD5F3292 /* [CP] Check Pods Manifest.lock */,
				0C7B965E285B0B8200E9629B /* Sources */,
				0C7B965F285B0B8200E9629B /* Frameworks */,
				0C7B9660285B0B8200E9629B /* Resources */,
				4277B073155CB9E63AB52391 /* [CP] Embed Pods Frameworks */,
			);
			buildRules = (
			);
			dependencies = (
			);
			name = CICdDemo;
			productName = CICdDemo;
			productReference = 0C7B9662285B0B8200E9629B /* CICdDemo.app */;
			productType = "com.apple.product-type.application";
		};
		0C7B9677285B0B8300E9629B /* CICdDemoTests */ = {
			isa = PBXNativeTarget;
			buildConfigurationList = 0C7B968F285B0B8300E9629B /* Build configuration list for PBXNativeTarget "CICdDemoTests" */;
			buildPhases = (
				DCED804C6F13D6997477BC88 /* [CP] Check Pods Manifest.lock */,
				0C7B9674285B0B8300E9629B /* Sources */,
				0C7B9675285B0B8300E9629B /* Frameworks */,
				0C7B9676285B0B8300E9629B /* Resources */,
			);
			buildRules = (
			);
			dependencies = (
				0C7B967A285B0B8300E9629B /* PBXTargetDependency */,
			);
			name = CICdDemoTests;
			productName = CICdDemoTests;
			productReference = 0C7B9678285B0B8300E9629B /* CICdDemoTests.xctest */;
			productType = "com.apple.product-type.bundle.unit-test";
		};
		0C7B9681285B0B8300E9629B /* CICdDemoUITests */ = {
			isa = PBXNativeTarget;
			buildConfigurationList = 0C7B9692285B0B8300E9629B /* Build configuration list for PBXNativeTarget "CICdDemoUITests" */;
			buildPhases = (
				2E5F86D606754B8787A7764C /* [CP] Check Pods Manifest.lock */,
				0C7B967E285B0B8300E9629B /* Sources */,
				0C7B967F285B0B8300E9629B /* Frameworks */,
				0C7B9680285B0B8300E9629B /* Resources */,
				3DBC00874362093436D23D44 /* [CP] Embed Pods Frameworks */,
			);
			buildRules = (
			);
			dependencies = (
				0C7B9684285B0B8300E9629B /* PBXTargetDependency */,
			);
			name = CICdDemoUITests;
			productName = CICdDemoUITests;
			productReference = 0C7B9682285B0B8300E9629B /* CICdDemoUITests.xctest */;
			productType = "com.apple.product-type.bundle.ui-testing";
		};
/* End PBXNativeTarget section */

/* Begin PBXProject section */
		0C7B965A285B0B8200E9629B /* Project object */ = {
			isa = PBXProject;
			attributes = {
				BuildIndependentTargetsInParallel = 1;
				LastSwiftUpdateCheck = 1320;
				LastUpgradeCheck = 1320;
				TargetAttributes = {
					0C7B9661285B0B8200E9629B = {
						CreatedOnToolsVersion = 13.2.1;
					};
					0C7B9677285B0B8300E9629B = {
						CreatedOnToolsVersion = 13.2.1;
						TestTargetID = 0C7B9661285B0B8200E9629B;
					};
					0C7B9681285B0B8300E9629B = {
						CreatedOnToolsVersion = 13.2.1;
						TestTargetID = 0C7B9661285B0B8200E9629B;
					};
				};
			};
			buildConfigurationList = 0C7B965D285B0B8200E9629B /* Build configuration list for PBXProject "CICdDemo" */;
			compatibilityVersion = "Xcode 13.0";
			developmentRegion = en;
			hasScannedForEncodings = 0;
			knownRegions = (
				en,
				Base,
			);
			mainGroup = 0C7B9659285B0B8200E9629B;
			productRefGroup = 0C7B9663285B0B8200E9629B /* Products */;
			projectDirPath = "";
			projectRoot = "";
			targets = (
				0C7B9661285B0B8200E9629B /* CICdDemo */,
				0C7B9677285B0B8300E9629B /* CICdDemoTests */,
				0C7B9681285B0B8300E9629B /* CICdDemoUITests */,
			);
		};
/* End PBXProject section */

/* Begin PBXResourcesBuildPhase section */
		0C7B9660285B0B8200E9629B /* Resources */ = {
			isa = PBXResourcesBuildPhase;
			buildActionMask = 2147483647;
			files = (
				0C7B9672285B0B8300E9629B /* LaunchScreen.storyboard in Resources */,
				0C7B966F285B0B8300E9629B /* Assets.xcassets in Resources */,
				0C7B966D285B0B8200E9629B /* Main.storyboard in Resources */,
			);
			runOnlyForDeploymentPostprocessing = 0;
		};
		0C7B9676285B0B8300E9629B /* Resources */ = {
			isa = PBXResourcesBuildPhase;
			buildActionMask = 2147483647;
			files = (
			);
			runOnlyForDeploymentPostprocessing = 0;
		};
		0C7B9680285B0B8300E9629B /* Resources */ = {
			isa = PBXResourcesBuildPhase;
			buildActionMask = 2147483647;
			files = (
			);
			runOnlyForDeploymentPostprocessing = 0;
		};
/* End PBXResourcesBuildPhase section */

/* Begin PBXShellScriptBuildPhase section */
		2E5F86D606754B8787A7764C /* [CP] Check Pods Manifest.lock */ = {
			isa = PBXShellScriptBuildPhase;
			buildActionMask = 2147483647;
			files = (
			);
			inputFileListPaths = (
			);
			inputPaths = (
				"${PODS_PODFILE_DIR_PATH}/Podfile.lock",
				"${PODS_ROOT}/Manifest.lock",
			);
			name = "[CP] Check Pods Manifest.lock";
			outputFileListPaths = (
			);
			outputPaths = (
				"$(DERIVED_FILE_DIR)/Pods-CICdDemo-CICdDemoUITests-checkManifestLockResult.txt",
			);
			runOnlyForDeploymentPostprocessing = 0;
			shellPath = /bin/sh;
			shellScript = "diff \"${PODS_PODFILE_DIR_PATH}/Podfile.lock\" \"${PODS_ROOT}/Manifest.lock\" > /dev/null\nif [ $? != 0 ] ; then\n    # print error to STDERR\n    echo \"error: The sandbox is not in sync with the Podfile.lock. Run 'pod install' or update your CocoaPods installation.\" >&2\n    exit 1\nfi\n# This output is used by Xcode 'outputs' to avoid re-running this script phase.\necho \"SUCCESS\" > \"${SCRIPT_OUTPUT_FILE_0}\"\n";
			showEnvVarsInLog = 0;
		};
		3DBC00874362093436D23D44 /* [CP] Embed Pods Frameworks */ = {
			isa = PBXShellScriptBuildPhase;
			buildActionMask = 2147483647;
			files = (
			);
			inputFileListPaths = (
				"${PODS_ROOT}/Target Support Files/Pods-CICdDemo-CICdDemoUITests/Pods-CICdDemo-CICdDemoUITests-frameworks-${CONFIGURATION}-input-files.xcfilelist",
			);
			name = "[CP] Embed Pods Frameworks";
			outputFileListPaths = (
				"${PODS_ROOT}/Target Support Files/Pods-CICdDemo-CICdDemoUITests/Pods-CICdDemo-CICdDemoUITests-frameworks-${CONFIGURATION}-output-files.xcfilelist",
			);
			runOnlyForDeploymentPostprocessing = 0;
			shellPath = /bin/sh;
			shellScript = "\"${PODS_ROOT}/Target Support Files/Pods-CICdDemo-CICdDemoUITests/Pods-CICdDemo-CICdDemoUITests-frameworks.sh\"\n";
			showEnvVarsInLog = 0;
		};
		4277B073155CB9E63AB52391 /* [CP] Embed Pods Frameworks */ = {
			isa = PBXShellScriptBuildPhase;
			buildActionMask = 2147483647;
			files = (
			);
			inputFileListPaths = (
				"${PODS_ROOT}/Target Support Files/Pods-CICdDemo/Pods-CICdDemo-frameworks-${CONFIGURATION}-input-files.xcfilelist",
			);
			name = "[CP] Embed Pods Frameworks";
			outputFileListPaths = (
				"${PODS_ROOT}/Target Support Files/Pods-CICdDemo/Pods-CICdDemo-frameworks-${CONFIGURATION}-output-files.xcfilelist",
			);
			runOnlyForDeploymentPostprocessing = 0;
			shellPath = /bin/sh;
			shellScript = "\"${PODS_ROOT}/Target Support Files/Pods-CICdDemo/Pods-CICdDemo-frameworks.sh\"\n";
			showEnvVarsInLog = 0;
		};
		58DAD3CC998108BABD5F3292 /* [CP] Check Pods Manifest.lock */ = {
			isa = PBXShellScriptBuildPhase;
			buildActionMask = 2147483647;
			files = (
			);
			inputFileListPaths = (
			);
			inputPaths = (
				"${PODS_PODFILE_DIR_PATH}/Podfile.lock",
				"${PODS_ROOT}/Manifest.lock",
			);
			name = "[CP] Check Pods Manifest.lock";
			outputFileListPaths = (
			);
			outputPaths = (
				"$(DERIVED_FILE_DIR)/Pods-CICdDemo-checkManifestLockResult.txt",
			);
			runOnlyForDeploymentPostprocessing = 0;
			shellPath = /bin/sh;
			shellScript = "diff \"${PODS_PODFILE_DIR_PATH}/Podfile.lock\" \"${PODS_ROOT}/Manifest.lock\" > /dev/null\nif [ $? != 0 ] ; then\n    # print error to STDERR\n    echo \"error: The sandbox is not in sync with the Podfile.lock. Run 'pod install' or update your CocoaPods installation.\" >&2\n    exit 1\nfi\n# This output is used by Xcode 'outputs' to avoid re-running this script phase.\necho \"SUCCESS\" > \"${SCRIPT_OUTPUT_FILE_0}\"\n";
			showEnvVarsInLog = 0;
		};
		DCED804C6F13D6997477BC88 /* [CP] Check Pods Manifest.lock */ = {
			isa = PBXShellScriptBuildPhase;
			buildActionMask = 2147483647;
			files = (
			);
			inputFileListPaths = (
			);
			inputPaths = (
				"${PODS_PODFILE_DIR_PATH}/Podfile.lock",
				"${PODS_ROOT}/Manifest.lock",
			);
			name = "[CP] Check Pods Manifest.lock";
			outputFileListPaths = (
			);
			outputPaths = (
				"$(DERIVED_FILE_DIR)/Pods-CICdDemoTests-checkManifestLockResult.txt",
			);
			runOnlyForDeploymentPostprocessing = 0;
			shellPath = /bin/sh;
			shellScript = "diff \"${PODS_PODFILE_DIR_PATH}/Podfile.lock\" \"${PODS_ROOT}/Manifest.lock\" > /dev/null\nif [ $? != 0 ] ; then\n    # print error to STDERR\n    echo \"error: The sandbox is not in sync with the Podfile.lock. Run 'pod install' or update your CocoaPods installation.\" >&2\n    exit 1\nfi\n# This output is used by Xcode 'outputs' to avoid re-running this script phase.\necho \"SUCCESS\" > \"${SCRIPT_OUTPUT_FILE_0}\"\n";
			showEnvVarsInLog = 0;
		};
/* End PBXShellScriptBuildPhase section */

/* Begin PBXSourcesBuildPhase section */
		0C7B965E285B0B8200E9629B /* Sources */ = {
			isa = PBXSourcesBuildPhase;
			buildActionMask = 2147483647;
			files = (
				0C7B966A285B0B8200E9629B /* ViewController.swift in Sources */,
				0C7B9666285B0B8200E9629B /* AppDelegate.swift in Sources */,
				0C7B9668285B0B8200E9629B /* SceneDelegate.swift in Sources */,
			);
			runOnlyForDeploymentPostprocessing = 0;
		};
		0C7B9674285B0B8300E9629B /* Sources */ = {
			isa = PBXSourcesBuildPhase;
			buildActionMask = 2147483647;
			files = (
				0C7B967D285B0B8300E9629B /* CICdDemoTests.swift in Sources */,
			);
			runOnlyForDeploymentPostprocessing = 0;
		};
		0C7B967E285B0B8300E9629B /* Sources */ = {
			isa = PBXSourcesBuildPhase;
			buildActionMask = 2147483647;
			files = (
				0C7B9689285B0B8300E9629B /* CICdDemoUITestsLaunchTests.swift in Sources */,
				0C7B9687285B0B8300E9629B /* CICdDemoUITests.swift in Sources */,
			);
			runOnlyForDeploymentPostprocessing = 0;
		};
/* End PBXSourcesBuildPhase section */

/* Begin PBXTargetDependency section */
		0C7B967A285B0B8300E9629B /* PBXTargetDependency */ = {
			isa = PBXTargetDependency;
			target = 0C7B9661285B0B8200E9629B /* CICdDemo */;
			targetProxy = 0C7B9679285B0B8300E9629B /* PBXContainerItemProxy */;
		};
		0C7B9684285B0B8300E9629B /* PBXTargetDependency */ = {
			isa = PBXTargetDependency;
			target = 0C7B9661285B0B8200E9629B /* CICdDemo */;
			targetProxy = 0C7B9683285B0B8300E9629B /* PBXContainerItemProxy */;
		};
/* End PBXTargetDependency section */

/* Begin PBXVariantGroup section */
		0C7B966B285B0B8200E9629B /* Main.storyboard */ = {
			isa = PBXVariantGroup;
			children = (
				0C7B966C285B0B8200E9629B /* Base */,
			);
			name = Main.storyboard;
			sourceTree = "<group>";
		};
		0C7B9670285B0B8300E9629B /* LaunchScreen.storyboard */ = {
			isa = PBXVariantGroup;
			children = (
				0C7B9671285B0B8300E9629B /* Base */,
			);
			name = LaunchScreen.storyboard;
			sourceTree = "<group>";
		};
/* End PBXVariantGroup section */

/* Begin XCBuildConfiguration section */
		0C7B968A285B0B8300E9629B /* Debug */ = {
			isa = XCBuildConfiguration;
			buildSettings = {
				ALWAYS_SEARCH_USER_PATHS = NO;
				CLANG_ANALYZER_NONNULL = YES;
				CLANG_ANALYZER_NUMBER_OBJECT_CONVERSION = YES_AGGRESSIVE;
				CLANG_CXX_LANGUAGE_STANDARD = "gnu++17";
				CLANG_CXX_LIBRARY = "libc++";
				CLANG_ENABLE_MODULES = YES;
				CLANG_ENABLE_OBJC_ARC = YES;
				CLANG_ENABLE_OBJC_WEAK = YES;
				CLANG_WARN_BLOCK_CAPTURE_AUTORELEASING = YES;
				CLANG_WARN_BOOL_CONVERSION = YES;
				CLANG_WARN_COMMA = YES;
				CLANG_WARN_CONSTANT_CONVERSION = YES;
				CLANG_WARN_DEPRECATED_OBJC_IMPLEMENTATIONS = YES;
				CLANG_WARN_DIRECT_OBJC_ISA_USAGE = YES_ERROR;
				CLANG_WARN_DOCUMENTATION_COMMENTS = YES;
				CLANG_WARN_EMPTY_BODY = YES;
				CLANG_WARN_ENUM_CONVERSION = YES;
				CLANG_WARN_INFINITE_RECURSION = YES;
				CLANG_WARN_INT_CONVERSION = YES;
				CLANG_WARN_NON_LITERAL_NULL_CONVERSION = YES;
				CLANG_WARN_OBJC_IMPLICIT_RETAIN_SELF = YES;
				CLANG_WARN_OBJC_LITERAL_CONVERSION = YES;
				CLANG_WARN_OBJC_ROOT_CLASS = YES_ERROR;
				CLANG_WARN_QUOTED_INCLUDE_IN_FRAMEWORK_HEADER = YES;
				CLANG_WARN_RANGE_LOOP_ANALYSIS = YES;
				CLANG_WARN_STRICT_PROTOTYPES = YES;
				CLANG_WARN_SUSPICIOUS_MOVE = YES;
				CLANG_WARN_UNGUARDED_AVAILABILITY = YES_AGGRESSIVE;
				CLANG_WARN_UNREACHABLE_CODE = YES;
				CLANG_WARN__DUPLICATE_METHOD_MATCH = YES;
				COPY_PHASE_STRIP = NO;
				DEBUG_INFORMATION_FORMAT = dwarf;
				ENABLE_STRICT_OBJC_MSGSEND = YES;
				ENABLE_TESTABILITY = YES;
				GCC_C_LANGUAGE_STANDARD = gnu11;
				GCC_DYNAMIC_NO_PIC = NO;
				GCC_NO_COMMON_BLOCKS = YES;
				GCC_OPTIMIZATION_LEVEL = 0;
				GCC_PREPROCESSOR_DEFINITIONS = (
					"DEBUG=1",
					"$(inherited)",
				);
				GCC_WARN_64_TO_32_BIT_CONVERSION = YES;
				GCC_WARN_ABOUT_RETURN_TYPE = YES_ERROR;
				GCC_WARN_UNDECLARED_SELECTOR = YES;
				GCC_WARN_UNINITIALIZED_AUTOS = YES_AGGRESSIVE;
				GCC_WARN_UNUSED_FUNCTION = YES;
				GCC_WARN_UNUSED_VARIABLE = YES;
				IPHONEOS_DEPLOYMENT_TARGET = 15.2;
				MTL_ENABLE_DEBUG_INFO = INCLUDE_SOURCE;
				MTL_FAST_MATH = YES;
				ONLY_ACTIVE_ARCH = YES;
				SDKROOT = iphoneos;
				SWIFT_ACTIVE_COMPILATION_CONDITIONS = DEBUG;
				SWIFT_OPTIMIZATION_LEVEL = "-Onone";
			};
			name = Debug;
		};
		0C7B968B285B0B8300E9629B /* Release */ = {
			isa = XCBuildConfiguration;
			buildSettings = {
				ALWAYS_SEARCH_USER_PATHS = NO;
				CLANG_ANALYZER_NONNULL = YES;
				CLANG_ANALYZER_NUMBER_OBJECT_CONVERSION = YES_AGGRESSIVE;
				CLANG_CXX_LANGUAGE_STANDARD = "gnu++17";
				CLANG_CXX_LIBRARY = "libc++";
				CLANG_ENABLE_MODULES = YES;
				CLANG_ENABLE_OBJC_ARC = YES;
				CLANG_ENABLE_OBJC_WEAK = YES;
				CLANG_WARN_BLOCK_CAPTURE_AUTORELEASING = YES;
				CLANG_WARN_BOOL_CONVERSION = YES;
				CLANG_WARN_COMMA = YES;
				CLANG_WARN_CONSTANT_CONVERSION = YES;
				CLANG_WARN_DEPRECATED_OBJC_IMPLEMENTATIONS = YES;
				CLANG_WARN_DIRECT_OBJC_ISA_USAGE = YES_ERROR;
				CLANG_WARN_DOCUMENTATION_COMMENTS = YES;
				CLANG_WARN_EMPTY_BODY = YES;
				CLANG_WARN_ENUM_CONVERSION = YES;
				CLANG_WARN_INFINITE_RECURSION = YES;
				CLANG_WARN_INT_CONVERSION = YES;
				CLANG_WARN_NON_LITERAL_NULL_CONVERSION = YES;
				CLANG_WARN_OBJC_IMPLICIT_RETAIN_SELF = YES;
				CLANG_WARN_OBJC_LITERAL_CONVERSION = YES;
				CLANG_WARN_OBJC_ROOT_CLASS = YES_ERROR;
				CLANG_WARN_QUOTED_INCLUDE_IN_FRAMEWORK_HEADER = YES;
				CLANG_WARN_RANGE_LOOP_ANALYSIS = YES;
				CLANG_WARN_STRICT_PROTOTYPES = YES;
				CLANG_WARN_SUSPICIOUS_MOVE = YES;
				CLANG_WARN_UNGUARDED_AVAILABILITY = YES_AGGRESSIVE;
				CLANG_WARN_UNREACHABLE_CODE = YES;
				CLANG_WARN__DUPLICATE_METHOD_MATCH = YES;
				COPY_PHASE_STRIP = NO;
				DEBUG_INFORMATION_FORMAT = "dwarf-with-dsym";
				ENABLE_NS_ASSERTIONS = NO;
				ENABLE_STRICT_OBJC_MSGSEND = YES;
				GCC_C_LANGUAGE_STANDARD = gnu11;
				GCC_NO_COMMON_BLOCKS = YES;
				GCC_WARN_64_TO_32_BIT_CONVERSION = YES;
				GCC_WARN_ABOUT_RETURN_TYPE = YES_ERROR;
				GCC_WARN_UNDECLARED_SELECTOR = YES;
				GCC_WARN_UNINITIALIZED_AUTOS = YES_AGGRESSIVE;
				GCC_WARN_UNUSED_FUNCTION = YES;
				GCC_WARN_UNUSED_VARIABLE = YES;
				IPHONEOS_DEPLOYMENT_TARGET = 15.2;
				MTL_ENABLE_DEBUG_INFO = NO;
				MTL_FAST_MATH = YES;
				SDKROOT = iphoneos;
				SWIFT_COMPILATION_MODE = wholemodule;
				SWIFT_OPTIMIZATION_LEVEL = "-O";
				VALIDATE_PRODUCT = YES;
			};
			name = Release;
		};
		0C7B968D285B0B8300E9629B /* Debug */ = {
			isa = XCBuildConfiguration;
			baseConfigurationReference = 1C1D29CD5ACD223DC3C2CD04 /* Pods-CICdDemo.debug.xcconfig */;
			buildSettings = {
				ASSETCATALOG_COMPILER_APPICON_NAME = AppIcon;
				ASSETCATALOG_COMPILER_GLOBAL_ACCENT_COLOR_NAME = AccentColor;
				CODE_SIGN_STYLE = Automatic;
				CURRENT_PROJECT_VERSION = 1;
				DEVELOPMENT_TEAM = HE7TDTH6H9;
				GENERATE_INFOPLIST_FILE = YES;
				INFOPLIST_FILE = CICdDemo/Info.plist;
				INFOPLIST_KEY_UIApplicationSupportsIndirectInputEvents = YES;
				INFOPLIST_KEY_UILaunchStoryboardName = LaunchScreen;
				INFOPLIST_KEY_UIMainStoryboardFile = Main;
				INFOPLIST_KEY_UISupportedInterfaceOrientations_iPad = "UIInterfaceOrientationPortrait UIInterfaceOrientationPortraitUpsideDown UIInterfaceOrientationLandscapeLeft UIInterfaceOrientationLandscapeRight";
				INFOPLIST_KEY_UISupportedInterfaceOrientations_iPhone = "UIInterfaceOrientationPortrait UIInterfaceOrientationLandscapeLeft UIInterfaceOrientationLandscapeRight";
				IPHONEOS_DEPLOYMENT_TARGET = 15.2;
				LD_RUNPATH_SEARCH_PATHS = (
					"$(inherited)",
					"@executable_path/Frameworks",
				);
				MARKETING_VERSION = 1.0;
				PRODUCT_BUNDLE_IDENTIFIER = com.seasia.CICdDemo;
				PRODUCT_NAME = "$(TARGET_NAME)";
				SWIFT_EMIT_LOC_STRINGS = YES;
				SWIFT_VERSION = 5.0;
				TARGETED_DEVICE_FAMILY = 1;
			};
			name = Debug;
		};
		0C7B968E285B0B8300E9629B /* Release */ = {
			isa = XCBuildConfiguration;
			baseConfigurationReference = 4BD5D1A70DFBE9E1F7B9C1FB /* Pods-CICdDemo.release.xcconfig */;
			buildSettings = {
				ASSETCATALOG_COMPILER_APPICON_NAME = AppIcon;
				ASSETCATALOG_COMPILER_GLOBAL_ACCENT_COLOR_NAME = AccentColor;
				CODE_SIGN_STYLE = Automatic;
				CURRENT_PROJECT_VERSION = 1;
				DEVELOPMENT_TEAM = HE7TDTH6H9;
				GENERATE_INFOPLIST_FILE = YES;
				INFOPLIST_FILE = CICdDemo/Info.plist;
				INFOPLIST_KEY_UIApplicationSupportsIndirectInputEvents = YES;
				INFOPLIST_KEY_UILaunchStoryboardName = LaunchScreen;
				INFOPLIST_KEY_UIMainStoryboardFile = Main;
				INFOPLIST_KEY_UISupportedInterfaceOrientations_iPad = "UIInterfaceOrientationPortrait UIInterfaceOrientationPortraitUpsideDown UIInterfaceOrientationLandscapeLeft UIInterfaceOrientationLandscapeRight";
				INFOPLIST_KEY_UISupportedInterfaceOrientations_iPhone = "UIInterfaceOrientationPortrait UIInterfaceOrientationLandscapeLeft UIInterfaceOrientationLandscapeRight";
				IPHONEOS_DEPLOYMENT_TARGET = 15.2;
				LD_RUNPATH_SEARCH_PATHS = (
					"$(inherited)",
					"@executable_path/Frameworks",
				);
				MARKETING_VERSION = 1.0;
				PRODUCT_BUNDLE_IDENTIFIER = com.seasia.CICdDemo;
				PRODUCT_NAME = "$(TARGET_NAME)";
				SWIFT_EMIT_LOC_STRINGS = YES;
				SWIFT_VERSION = 5.0;
				TARGETED_DEVICE_FAMILY = 1;
			};
			name = Release;
		};
		0C7B9690285B0B8300E9629B /* Debug */ = {
			isa = XCBuildConfiguration;
			baseConfigurationReference = 2B6449A98A6F43FB7A3F665D /* Pods-CICdDemoTests.debug.xcconfig */;
			buildSettings = {
				ALWAYS_EMBED_SWIFT_STANDARD_LIBRARIES = YES;
				BUNDLE_LOADER = "$(TEST_HOST)";
				CODE_SIGN_STYLE = Automatic;
				CURRENT_PROJECT_VERSION = 1;
				DEVELOPMENT_TEAM = HE7TDTH6H9;
				GENERATE_INFOPLIST_FILE = YES;
				IPHONEOS_DEPLOYMENT_TARGET = 15.2;
				MARKETING_VERSION = 1.0;
				PRODUCT_BUNDLE_IDENTIFIER = com.seasia.CICdDemoTests;
				PRODUCT_NAME = "$(TARGET_NAME)";
				SWIFT_EMIT_LOC_STRINGS = NO;
				SWIFT_VERSION = 5.0;
				TARGETED_DEVICE_FAMILY = "1,2";
				TEST_HOST = "$(BUILT_PRODUCTS_DIR)/CICdDemo.app/CICdDemo";
			};
			name = Debug;
		};
		0C7B9691285B0B8300E9629B /* Release */ = {
			isa = XCBuildConfiguration;
			baseConfigurationReference = B1BC761CF344603009F865BF /* Pods-CICdDemoTests.release.xcconfig */;
			buildSettings = {
				ALWAYS_EMBED_SWIFT_STANDARD_LIBRARIES = YES;
				BUNDLE_LOADER = "$(TEST_HOST)";
				CODE_SIGN_STYLE = Automatic;
				CURRENT_PROJECT_VERSION = 1;
				DEVELOPMENT_TEAM = HE7TDTH6H9;
				GENERATE_INFOPLIST_FILE = YES;
				IPHONEOS_DEPLOYMENT_TARGET = 15.2;
				MARKETING_VERSION = 1.0;
				PRODUCT_BUNDLE_IDENTIFIER = com.seasia.CICdDemoTests;
				PRODUCT_NAME = "$(TARGET_NAME)";
				SWIFT_EMIT_LOC_STRINGS = NO;
				SWIFT_VERSION = 5.0;
				TARGETED_DEVICE_FAMILY = "1,2";
				TEST_HOST = "$(BUILT_PRODUCTS_DIR)/CICdDemo.app/CICdDemo";
			};
			name = Release;
		};
		0C7B9693285B0B8300E9629B /* Debug */ = {
			isa = XCBuildConfiguration;
			baseConfigurationReference = 5DD1E37488CACBF8F5E8A4C7 /* Pods-CICdDemo-CICdDemoUITests.debug.xcconfig */;
			buildSettings = {
				ALWAYS_EMBED_SWIFT_STANDARD_LIBRARIES = YES;
				CODE_SIGN_STYLE = Automatic;
				CURRENT_PROJECT_VERSION = 1;
				DEVELOPMENT_TEAM = HE7TDTH6H9;
				GENERATE_INFOPLIST_FILE = YES;
				MARKETING_VERSION = 1.0;
				PRODUCT_BUNDLE_IDENTIFIER = com.seasia.CICdDemoUITests;
				PRODUCT_NAME = "$(TARGET_NAME)";
				SWIFT_EMIT_LOC_STRINGS = NO;
				SWIFT_VERSION = 5.0;
				TARGETED_DEVICE_FAMILY = "1,2";
				TEST_TARGET_NAME = CICdDemo;
			};
			name = Debug;
		};
		0C7B9694285B0B8300E9629B /* Release */ = {
			isa = XCBuildConfiguration;
			baseConfigurationReference = C62F317E40D679CC5441D3F0 /* Pods-CICdDemo-CICdDemoUITests.release.xcconfig */;
			buildSettings = {
				ALWAYS_EMBED_SWIFT_STANDARD_LIBRARIES = YES;
				CODE_SIGN_STYLE = Automatic;
				CURRENT_PROJECT_VERSION = 1;
				DEVELOPMENT_TEAM = HE7TDTH6H9;
				GENERATE_INFOPLIST_FILE = YES;
				MARKETING_VERSION = 1.0;
				PRODUCT_BUNDLE_IDENTIFIER = com.seasia.CICdDemoUITests;
				PRODUCT_NAME = "$(TARGET_NAME)";
				SWIFT_EMIT_LOC_STRINGS = NO;
				SWIFT_VERSION = 5.0;
				TARGETED_DEVICE_FAMILY = "1,2";
				TEST_TARGET_NAME = CICdDemo;
			};
			name = Release;
		};
/* End XCBuildConfiguration section */

/* Begin XCConfigurationList section */
		0C7B965D285B0B8200E9629B /* Build configuration list for PBXProject "CICdDemo" */ = {
			isa = XCConfigurationList;
			buildConfigurations = (
				0C7B968A285B0B8300E9629B /* Debug */,
				0C7B968B285B0B8300E9629B /* Release */,
			);
			defaultConfigurationIsVisible = 0;
			defaultConfigurationName = Release;
		};
		0C7B968C285B0B8300E9629B /* Build configuration list for PBXNativeTarget "CICdDemo" */ = {
			isa = XCConfigurationList;
			buildConfigurations = (
				0C7B968D285B0B8300E9629B /* Debug */,
				0C7B968E285B0B8300E9629B /* Release */,
			);
			defaultConfigurationIsVisible = 0;
			defaultConfigurationName = Release;
		};
		0C7B968F285B0B8300E9629B /* Build configuration list for PBXNativeTarget "CICdDemoTests" */ = {
			isa = XCConfigurationList;
			buildConfigurations = (
				0C7B9690285B0B8300E9629B /* Debug */,
				0C7B9691285B0B8300E9629B /* Release */,
			);
			defaultConfigurationIsVisible = 0;
			defaultConfigurationName = Release;
		};
		0C7B9692285B0B8300E9629B /* Build configuration list for PBXNativeTarget "CICdDemoUITests" */ = {
			isa = XCConfigurationList;
			buildConfigurations = (
				0C7B9693285B0B8300E9629B /* Debug */,
				0C7B9694285B0B8300E9629B /* Release */,
			);
			defaultConfigurationIsVisible = 0;
			defaultConfigurationName = Release;
		};
/* End XCConfigurationList section */
	};
	rootObject = 0C7B965A285B0B8200E9629B /* Project object */;
}
